
Microsoft Visual Studio Solution File, Format Version 12.00
# Visual Studio Version 16
VisualStudioVersion = 16.0.30011.22
MinimumVisualStudioVersion = 10.0.40219.1
Project("{FAE04EC0-301F-11D3-BF4B-00C04F79EFBC}") = "Ribbonwood-Gaming-Site", "Ribbonwood-Gaming-Site\Ribbonwood-Gaming-Site.csproj", "{F265578A-D1AD-4012-8353-F82A279B509A}"
EndProject
Global
	GlobalSection(SolutionConfigurationPlatforms) = preSolution
		Debug|Any CPU = Debug|Any CPU
		Release|Any CPU = Release|Any CPU
	EndGlobalSection
	GlobalSection(ProjectConfigurationPlatforms) = postSolution
		{F265578A-D1AD-4012-8353-F82A279B509A}.Debug|Any CPU.ActiveCfg = Debug|Any CPU
		{F265578A-D1AD-4012-8353-F82A279B509A}.Debug|Any CPU.Build.0 = Debug|Any CPU
		{F265578A-D1AD-4012-8353-F82A279B509A}.Release|Any CPU.ActiveCfg = Release|Any CPU
		{F265578A-D1AD-4012-8353-F82A279B509A}.Release|Any CPU.Build.0 = Release|Any CPU
	EndGlobalSection
	GlobalSection(SolutionProperties) = preSolution
		HideSolutionNode = FALSE
	EndGlobalSection
	GlobalSection(ExtensibilityGlobals) = postSolution
		SolutionGuid = {56748A2F-FEA1-4D50-9056-7659A5A4CBEF}
	EndGlobalSection
EndGlobal
